// !$*UTF8*$!
{
	archiveVersion = 1;
	classes = {
	};
	objectVersion = 56;
	objects = {

/* Begin PBXBuildFile section */
		36079F322BB2CAAD00ED40B3 /* UnitTestAppApp.swift in Sources */ = {isa = PBXBuildFile; fileRef = 36079F312BB2CAAD00ED40B3 /* UnitTestAppApp.swift */; };
		36079F342BB2CAAD00ED40B3 /* ContentView.swift in Sources */ = {isa = PBXBuildFile; fileRef = 36079F332BB2CAAD00ED40B3 /* ContentView.swift */; };
		36079F362BB2CAAF00ED40B3 /* Assets.xcassets in Resources */ = {isa = PBXBuildFile; fileRef = 36079F352BB2CAAF00ED40B3 /* Assets.xcassets */; };
		36079F392BB2CAAF00ED40B3 /* Preview Assets.xcassets in Resources */ = {isa = PBXBuildFile; fileRef = 36079F382BB2CAAF00ED40B3 /* Preview Assets.xcassets */; };
		36079F432BB2CAAF00ED40B3 /* UnitTestAppTests.swift in Sources */ = {isa = PBXBuildFile; fileRef = 36079F422BB2CAAF00ED40B3 /* UnitTestAppTests.swift */; };
		36079F4D2BB2CAAF00ED40B3 /* UnitTestAppUITests.swift in Sources */ = {isa = PBXBuildFile; fileRef = 36079F4C2BB2CAAF00ED40B3 /* UnitTestAppUITests.swift */; };
		36079F4F2BB2CAAF00ED40B3 /* UnitTestAppUITestsLaunchTests.swift in Sources */ = {isa = PBXBuildFile; fileRef = 36079F4E2BB2CAAF00ED40B3 /* UnitTestAppUITestsLaunchTests.swift */; };
/* End PBXBuildFile section */

/* Begin PBXContainerItemProxy section */
		36079F3F2BB2CAAF00ED40B3 /* PBXContainerItemProxy */ = {
			isa = PBXContainerItemProxy;
			containerPortal = 36079F262BB2CAAD00ED40B3 /* Project object */;
			proxyType = 1;
			remoteGlobalIDString = 36079F2D2BB2CAAD00ED40B3;
			remoteInfo = UnitTestApp;
		};
		36079F492BB2CAAF00ED40B3 /* PBXContainerItemProxy */ = {
			isa = PBXContainerItemProxy;
			containerPortal = 36079F262BB2CAAD00ED40B3 /* Project object */;
			proxyType = 1;
			remoteGlobalIDString = 36079F2D2BB2CAAD00ED40B3;
			remoteInfo = UnitTestApp;
		};
/* End PBXContainerItemProxy section */

/* Begin PBXFileReference section */
		36079F2E2BB2CAAD00ED40B3 /* UnitTestApp.app */ = {isa = PBXFileReference; explicitFileType = wrapper.application; includeInIndex = 0; path = UnitTestApp.app; sourceTree = BUILT_PRODUCTS_DIR; };
		36079F312BB2CAAD00ED40B3 /* UnitTestAppApp.swift */ = {isa = PBXFileReference; lastKnownFileType = sourcecode.swift; path = UnitTestAppApp.swift; sourceTree = "<group>"; };
		36079F332BB2CAAD00ED40B3 /* ContentView.swift */ = {isa = PBXFileReference; lastKnownFileType = sourcecode.swift; path = ContentView.swift; sourceTree = "<group>"; };
		36079F352BB2CAAF00ED40B3 /* Assets.xcassets */ = {isa = PBXFileReference; lastKnownFileType = folder.assetcatalog; path = Assets.xcassets; sourceTree = "<group>"; };
		36079F382BB2CAAF00ED40B3 /* Preview Assets.xcassets */ = {isa = PBXFileReference; lastKnownFileType = folder.assetcatalog; path = "Preview Assets.xcassets"; sourceTree = "<group>"; };
		36079F3E2BB2CAAF00ED40B3 /* UnitTestAppTests.xctest */ = {isa = PBXFileReference; explicitFileType = wrapper.cfbundle; includeInIndex = 0; path = UnitTestAppTests.xctest; sourceTree = BUILT_PRODUCTS_DIR; };
		36079F422BB2CAAF00ED40B3 /* UnitTestAppTests.swift */ = {isa = PBXFileReference; lastKnownFileType = sourcecode.swift; path = UnitTestAppTests.swift; sourceTree = "<group>"; };
		36079F482BB2CAAF00ED40B3 /* UnitTestAppUITests.xctest */ = {isa = PBXFileReference; explicitFileType = wrapper.cfbundle; includeInIndex = 0; path = UnitTestAppUITests.xctest; sourceTree = BUILT_PRODUCTS_DIR; };
		36079F4C2BB2CAAF00ED40B3 /* UnitTestAppUITests.swift */ = {isa = PBXFileReference; lastKnownFileType = sourcecode.swift; path = UnitTestAppUITests.swift; sourceTree = "<group>"; };
		36079F4E2BB2CAAF00ED40B3 /* UnitTestAppUITestsLaunchTests.swift */ = {isa = PBXFileReference; lastKnownFileType = sourcecode.swift; path = UnitTestAppUITestsLaunchTests.swift; sourceTree = "<group>"; };
/* End PBXFileReference section */

/* Begin PBXFrameworksBuildPhase section */
		36079F2B2BB2CAAD00ED40B3 /* Frameworks */ = {
			isa = PBXFrameworksBuildPhase;
			buildActionMask = 2147483647;
			files = (
			);
			runOnlyForDeploymentPostprocessing = 0;
		};
		36079F3B2BB2CAAF00ED40B3 /* Frameworks */ = {
			isa = PBXFrameworksBuildPhase;
			buildActionMask = 2147483647;
			files = (
			);
			runOnlyForDeploymentPostprocessing = 0;
		};
		36079F452BB2CAAF00ED40B3 /* Frameworks */ = {
			isa = PBXFrameworksBuildPhase;
			buildActionMask = 2147483647;
			files = (
			);
			runOnlyForDeploymentPostprocessing = 0;
		};
/* End PBXFrameworksBuildPhase section */

/* Begin PBXGroup section */
		36079F252BB2CAAD00ED40B3 = {
			isa = PBXGroup;
			children = (
				36079F302BB2CAAD00ED40B3 /* UnitTestApp */,
				36079F412BB2CAAF00ED40B3 /* UnitTestAppTests */,
				36079F4B2BB2CAAF00ED40B3 /* UnitTestAppUITests */,
				36079F2F2BB2CAAD00ED40B3 /* Products */,
			);
			sourceTree = "<group>";
		};
		36079F2F2BB2CAAD00ED40B3 /* Products */ = {
			isa = PBXGroup;
			children = (
				36079F2E2BB2CAAD00ED40B3 /* UnitTestApp.app */,
				36079F3E2BB2CAAF00ED40B3 /* UnitTestAppTests.xctest */,
				36079F482BB2CAAF00ED40B3 /* UnitTestAppUITests.xctest */,
			);
			name = Products;
			sourceTree = "<group>";
		};
		36079F302BB2CAAD00ED40B3 /* UnitTestApp */ = {
			isa = PBXGroup;
			children = (
				36079F312BB2CAAD00ED40B3 /* UnitTestAppApp.swift */,
				36079F332BB2CAAD00ED40B3 /* ContentView.swift */,
				36079F352BB2CAAF00ED40B3 /* Assets.xcassets */,
				36079F372BB2CAAF00ED40B3 /* Preview Content */,
			);
			path = UnitTestApp;
			sourceTree = "<group>";
		};
		36079F372BB2CAAF00ED40B3 /* Preview Content */ = {
			isa = PBXGroup;
			children = (
				36079F382BB2CAAF00ED40B3 /* Preview Assets.xcassets */,
			);
			path = "Preview Content";
			sourceTree = "<group>";
		};
		36079F412BB2CAAF00ED40B3 /* UnitTestAppTests */ = {
			isa = PBXGroup;
			children = (
				36079F422BB2CAAF00ED40B3 /* UnitTestAppTests.swift */,
			);
			path = UnitTestAppTests;
			sourceTree = "<group>";
		};
		36079F4B2BB2CAAF00ED40B3 /* UnitTestAppUITests */ = {
			isa = PBXGroup;
			children = (
				36079F4C2BB2CAAF00ED40B3 /* UnitTestAppUITests.swift */,
				36079F4E2BB2CAAF00ED40B3 /* UnitTestAppUITestsLaunchTests.swift */,
			);
			path = UnitTestAppUITests;
			sourceTree = "<group>";
		};
/* End PBXGroup section */

/* Begin PBXNativeTarget section */
		36079F2D2BB2CAAD00ED40B3 /* UnitTestApp */ = {
			isa = PBXNativeTarget;
			buildConfigurationList = 36079F522BB2CAAF00ED40B3 /* Build configuration list for PBXNativeTarget "UnitTestApp" */;
			buildPhases = (
				36079F2A2BB2CAAD00ED40B3 /* Sources */,
				36079F2B2BB2CAAD00ED40B3 /* Frameworks */,
				36079F2C2BB2CAAD00ED40B3 /* Resources */,
			);
			buildRules = (
			);
			dependencies = (
			);
			name = UnitTestApp;
			productName = UnitTestApp;
			productReference = 36079F2E2BB2CAAD00ED40B3 /* UnitTestApp.app */;
			productType = "com.apple.product-type.application";
		};
		36079F3D2BB2CAAF00ED40B3 /* UnitTestAppTests */ = {
			isa = PBXNativeTarget;
			buildConfigurationList = 36079F552BB2CAAF00ED40B3 /* Build configuration list for PBXNativeTarget "UnitTestAppTests" */;
			buildPhases = (
				36079F3A2BB2CAAF00ED40B3 /* Sources */,
				36079F3B2BB2CAAF00ED40B3 /* Frameworks */,
				36079F3C2BB2CAAF00ED40B3 /* Resources */,
			);
			buildRules = (
			);
			dependencies = (
				36079F402BB2CAAF00ED40B3 /* PBXTargetDependency */,
			);
			name = UnitTestAppTests;
			productName = UnitTestAppTests;
			productReference = 36079F3E2BB2CAAF00ED40B3 /* UnitTestAppTests.xctest */;
			productType = "com.apple.product-type.bundle.unit-test";
		};
		36079F472BB2CAAF00ED40B3 /* UnitTestAppUITests */ = {
			isa = PBXNativeTarget;
			buildConfigurationList = 36079F582BB2CAAF00ED40B3 /* Build configuration list for PBXNativeTarget "UnitTestAppUITests" */;
			buildPhases = (
				36079F442BB2CAAF00ED40B3 /* Sources */,
				36079F452BB2CAAF00ED40B3 /* Frameworks */,
				36079F462BB2CAAF00ED40B3 /* Resources */,
			);
			buildRules = (
			);
			dependencies = (
				36079F4A2BB2CAAF00ED40B3 /* PBXTargetDependency */,
			);
			name = UnitTestAppUITests;
			productName = UnitTestAppUITests;
			productReference = 36079F482BB2CAAF00ED40B3 /* UnitTestAppUITests.xctest */;
			productType = "com.apple.product-type.bundle.ui-testing";
		};
/* End PBXNativeTarget section */

/* Begin PBXProject section */
		36079F262BB2CAAD00ED40B3 /* Project object */ = {
			isa = PBXProject;
			attributes = {
				BuildIndependentTargetsInParallel = 1;
				LastSwiftUpdateCheck = 1520;
				LastUpgradeCheck = 1520;
				TargetAttributes = {
					36079F2D2BB2CAAD00ED40B3 = {
						CreatedOnToolsVersion = 15.2;
					};
					36079F3D2BB2CAAF00ED40B3 = {
						CreatedOnToolsVersion = 15.2;
						TestTargetID = 36079F2D2BB2CAAD00ED40B3;
					};
					36079F472BB2CAAF00ED40B3 = {
						CreatedOnToolsVersion = 15.2;
						TestTargetID = 36079F2D2BB2CAAD00ED40B3;
					};
				};
			};
			buildConfigurationList = 36079F292BB2CAAD00ED40B3 /* Build configuration list for PBXProject "UnitTestApp" */;
			compatibilityVersion = "Xcode 14.0";
			developmentRegion = en;
			hasScannedForEncodings = 0;
			knownRegions = (
				en,
				Base,
			);
			mainGroup = 36079F252BB2CAAD00ED40B3;
			productRefGroup = 36079F2F2BB2CAAD00ED40B3 /* Products */;
			projectDirPath = "";
			projectRoot = "";
			targets = (
				36079F2D2BB2CAAD00ED40B3 /* UnitTestApp */,
				36079F3D2BB2CAAF00ED40B3 /* UnitTestAppTests */,
				36079F472BB2CAAF00ED40B3 /* UnitTestAppUITests */,
			);
		};
/* End PBXProject section */

/* Begin PBXResourcesBuildPhase section */
		36079F2C2BB2CAAD00ED40B3 /* Resources */ = {
			isa = PBXResourcesBuildPhase;
			buildActionMask = 2147483647;
			files = (
				36079F392BB2CAAF00ED40B3 /* Preview Assets.xcassets in Resources */,
				36079F362BB2CAAF00ED40B3 /* Assets.xcassets in Resources */,
			);
			runOnlyForDeploymentPostprocessing = 0;
		};
		36079F3C2BB2CAAF00ED40B3 /* Resources */ = {
			isa = PBXResourcesBuildPhase;
			buildActionMask = 2147483647;
			files = (
			);
			runOnlyForDeploymentPostprocessing = 0;
		};
		36079F462BB2CAAF00ED40B3 /* Resources */ = {
			isa = PBXResourcesBuildPhase;
			buildActionMask = 2147483647;
			files = (
			);
			runOnlyForDeploymentPostprocessing = 0;
		};
/* End PBXResourcesBuildPhase section */

/* Begin PBXSourcesBuildPhase section */
		36079F2A2BB2CAAD00ED40B3 /* Sources */ = {
			isa = PBXSourcesBuildPhase;
			buildActionMask = 2147483647;
			files = (
				36079F342BB2CAAD00ED40B3 /* ContentView.swift in Sources */,
				36079F322BB2CAAD00ED40B3 /* UnitTestAppApp.swift in Sources */,
			);
			runOnlyForDeploymentPostprocessing = 0;
		};
		36079F3A2BB2CAAF00ED40B3 /* Sources */ = {
			isa = PBXSourcesBuildPhase;
			buildActionMask = 2147483647;
			files = (
				36079F432BB2CAAF00ED40B3 /* UnitTestAppTests.swift in Sources */,
			);
			runOnlyForDeploymentPostprocessing = 0;
		};
		36079F442BB2CAAF00ED40B3 /* Sources */ = {
			isa = PBXSourcesBuildPhase;
			buildActionMask = 2147483647;
			files = (
				36079F4F2BB2CAAF00ED40B3 /* UnitTestAppUITestsLaunchTests.swift in Sources */,
				36079F4D2BB2CAAF00ED40B3 /* UnitTestAppUITests.swift in Sources */,
			);
			runOnlyForDeploymentPostprocessing = 0;
		};
/* End PBXSourcesBuildPhase section */

/* Begin PBXTargetDependency section */
		36079F402BB2CAAF00ED40B3 /* PBXTargetDependency */ = {
			isa = PBXTargetDependency;
			target = 36079F2D2BB2CAAD00ED40B3 /* UnitTestApp */;
			targetProxy = 36079F3F2BB2CAAF00ED40B3 /* PBXContainerItemProxy */;
		};
		36079F4A2BB2CAAF00ED40B3 /* PBXTargetDependency */ = {
			isa = PBXTargetDependency;
			target = 36079F2D2BB2CAAD00ED40B3 /* UnitTestApp */;
			targetProxy = 36079F492BB2CAAF00ED40B3 /* PBXContainerItemProxy */;
		};
/* End PBXTargetDependency section */

/* Begin XCBuildConfiguration section */
		36079F502BB2CAAF00ED40B3 /* Debug */ = {
			isa = XCBuildConfiguration;
			buildSettings = {
				ALWAYS_SEARCH_USER_PATHS = NO;
				ASSETCATALOG_COMPILER_GENERATE_SWIFT_ASSET_SYMBOL_EXTENSIONS = YES;
				CLANG_ANALYZER_NONNULL = YES;
				CLANG_ANALYZER_NUMBER_OBJECT_CONVERSION = YES_AGGRESSIVE;
				CLANG_CXX_LANGUAGE_STANDARD = "gnu++20";
				CLANG_ENABLE_MODULES = YES;
				CLANG_ENABLE_OBJC_ARC = YES;
				CLANG_ENABLE_OBJC_WEAK = YES;
				CLANG_WARN_BLOCK_CAPTURE_AUTORELEASING = YES;
				CLANG_WARN_BOOL_CONVERSION = YES;
				CLANG_WARN_COMMA = YES;
				CLANG_WARN_CONSTANT_CONVERSION = YES;
				CLANG_WARN_DEPRECATED_OBJC_IMPLEMENTATIONS = YES;
				CLANG_WARN_DIRECT_OBJC_ISA_USAGE = YES_ERROR;
				CLANG_WARN_DOCUMENTATION_COMMENTS = YES;
				CLANG_WARN_EMPTY_BODY = YES;
				CLANG_WARN_ENUM_CONVERSION = YES;
				CLANG_WARN_INFINITE_RECURSION = YES;
				CLANG_WARN_INT_CONVERSION = YES;
				CLANG_WARN_NON_LITERAL_NULL_CONVERSION = YES;
				CLANG_WARN_OBJC_IMPLICIT_RETAIN_SELF = YES;
				CLANG_WARN_OBJC_LITERAL_CONVERSION = YES;
				CLANG_WARN_OBJC_ROOT_CLASS = YES_ERROR;
				CLANG_WARN_QUOTED_INCLUDE_IN_FRAMEWORK_HEADER = YES;
				CLANG_WARN_RANGE_LOOP_ANALYSIS = YES;
				CLANG_WARN_STRICT_PROTOTYPES = YES;
				CLANG_WARN_SUSPICIOUS_MOVE = YES;
				CLANG_WARN_UNGUARDED_AVAILABILITY = YES_AGGRESSIVE;
				CLANG_WARN_UNREACHABLE_CODE = YES;
				CLANG_WARN__DUPLICATE_METHOD_MATCH = YES;
				COPY_PHASE_STRIP = NO;
				DEBUG_INFORMATION_FORMAT = dwarf;
				ENABLE_STRICT_OBJC_MSGSEND = YES;
				ENABLE_TESTABILITY = YES;
				ENABLE_USER_SCRIPT_SANDBOXING = YES;
				GCC_C_LANGUAGE_STANDARD = gnu17;
				GCC_DYNAMIC_NO_PIC = NO;
				GCC_NO_COMMON_BLOCKS = YES;
				GCC_OPTIMIZATION_LEVEL = 0;
				GCC_PREPROCESSOR_DEFINITIONS = (
					"DEBUG=1",
					"$(inherited)",
				);
				GCC_WARN_64_TO_32_BIT_CONVERSION = YES;
				GCC_WARN_ABOUT_RETURN_TYPE = YES_ERROR;
				GCC_WARN_UNDECLARED_SELECTOR = YES;
				GCC_WARN_UNINITIALIZED_AUTOS = YES_AGGRESSIVE;
				GCC_WARN_UNUSED_FUNCTION = YES;
				GCC_WARN_UNUSED_VARIABLE = YES;
				IPHONEOS_DEPLOYMENT_TARGET = 17.2;
				LOCALIZATION_PREFERS_STRING_CATALOGS = YES;
				MTL_ENABLE_DEBUG_INFO = INCLUDE_SOURCE;
				MTL_FAST_MATH = YES;
				ONLY_ACTIVE_ARCH = YES;
				SDKROOT = iphoneos;
				SWIFT_ACTIVE_COMPILATION_CONDITIONS = "DEBUG $(inherited)";
				SWIFT_OPTIMIZATION_LEVEL = "-Onone";
			};
			name = Debug;
		};
		36079F512BB2CAAF00ED40B3 /* Release */ = {
			isa = XCBuildConfiguration;
			buildSettings = {
				ALWAYS_SEARCH_USER_PATHS = NO;
				ASSETCATALOG_COMPILER_GENERATE_SWIFT_ASSET_SYMBOL_EXTENSIONS = YES;
				CLANG_ANALYZER_NONNULL = YES;
				CLANG_ANALYZER_NUMBER_OBJECT_CONVERSION = YES_AGGRESSIVE;
				CLANG_CXX_LANGUAGE_STANDARD = "gnu++20";
				CLANG_ENABLE_MODULES = YES;
				CLANG_ENABLE_OBJC_ARC = YES;
				CLANG_ENABLE_OBJC_WEAK = YES;
				CLANG_WARN_BLOCK_CAPTURE_AUTORELEASING = YES;
				CLANG_WARN_BOOL_CONVERSION = YES;
				CLANG_WARN_COMMA = YES;
				CLANG_WARN_CONSTANT_CONVERSION = YES;
				CLANG_WARN_DEPRECATED_OBJC_IMPLEMENTATIONS = YES;
				CLANG_WARN_DIRECT_OBJC_ISA_USAGE = YES_ERROR;
				CLANG_WARN_DOCUMENTATION_COMMENTS = YES;
				CLANG_WARN_EMPTY_BODY = YES;
				CLANG_WARN_ENUM_CONVERSION = YES;
				CLANG_WARN_INFINITE_RECURSION = YES;
				CLANG_WARN_INT_CONVERSION = YES;
				CLANG_WARN_NON_LITERAL_NULL_CONVERSION = YES;
				CLANG_WARN_OBJC_IMPLICIT_RETAIN_SELF = YES;
				CLANG_WARN_OBJC_LITERAL_CONVERSION = YES;
				CLANG_WARN_OBJC_ROOT_CLASS = YES_ERROR;
				CLANG_WARN_QUOTED_INCLUDE_IN_FRAMEWORK_HEADER = YES;
				CLANG_WARN_RANGE_LOOP_ANALYSIS = YES;
				CLANG_WARN_STRICT_PROTOTYPES = YES;
				CLANG_WARN_SUSPICIOUS_MOVE = YES;
				CLANG_WARN_UNGUARDED_AVAILABILITY = YES_AGGRESSIVE;
				CLANG_WARN_UNREACHABLE_CODE = YES;
				CLANG_WARN__DUPLICATE_METHOD_MATCH = YES;
				COPY_PHASE_STRIP = NO;
				DEBUG_INFORMATION_FORMAT = "dwarf-with-dsym";
				ENABLE_NS_ASSERTIONS = NO;
				ENABLE_STRICT_OBJC_MSGSEND = YES;
				ENABLE_USER_SCRIPT_SANDBOXING = YES;
				GCC_C_LANGUAGE_STANDARD = gnu17;
				GCC_NO_COMMON_BLOCKS = YES;
				GCC_WARN_64_TO_32_BIT_CONVERSION = YES;
				GCC_WARN_ABOUT_RETURN_TYPE = YES_ERROR;
				GCC_WARN_UNDECLARED_SELECTOR = YES;
				GCC_WARN_UNINITIALIZED_AUTOS = YES_AGGRESSIVE;
				GCC_WARN_UNUSED_FUNCTION = YES;
				GCC_WARN_UNUSED_VARIABLE = YES;
				IPHONEOS_DEPLOYMENT_TARGET = 17.2;
				LOCALIZATION_PREFERS_STRING_CATALOGS = YES;
				MTL_ENABLE_DEBUG_INFO = NO;
				MTL_FAST_MATH = YES;
				SDKROOT = iphoneos;
				SWIFT_COMPILATION_MODE = wholemodule;
				VALIDATE_PRODUCT = YES;
			};
			name = Release;
		};
		36079F532BB2CAAF00ED40B3 /* Debug */ = {
			isa = XCBuildConfiguration;
			buildSettings = {
				ASSETCATALOG_COMPILER_APPICON_NAME = AppIcon;
				ASSETCATALOG_COMPILER_GLOBAL_ACCENT_COLOR_NAME = AccentColor;
				CODE_SIGN_STYLE = Automatic;
				CURRENT_PROJECT_VERSION = 1;
				DEVELOPMENT_ASSET_PATHS = "\"UnitTestApp/Preview Content\"";
				DEVELOPMENT_TEAM = U7HVHRUHK9;
				ENABLE_PREVIEWS = YES;
				GENERATE_INFOPLIST_FILE = YES;
				INFOPLIST_KEY_UIApplicationSceneManifest_Generation = YES;
				INFOPLIST_KEY_UIApplicationSupportsIndirectInputEvents = YES;
				INFOPLIST_KEY_UILaunchScreen_Generation = YES;
				INFOPLIST_KEY_UISupportedInterfaceOrientations_iPad = "UIInterfaceOrientationPortrait UIInterfaceOrientationPortraitUpsideDown UIInterfaceOrientationLandscapeLeft UIInterfaceOrientationLandscapeRight";
				INFOPLIST_KEY_UISupportedInterfaceOrientations_iPhone = "UIInterfaceOrientationPortrait UIInterfaceOrientationLandscapeLeft UIInterfaceOrientationLandscapeRight";
				LD_RUNPATH_SEARCH_PATHS = (
					"$(inherited)",
					"@executable_path/Frameworks",
				);
				MARKETING_VERSION = 1.0;
				PRODUCT_BUNDLE_IDENTIFIER = com.applligent.UnitTestApp;
				PRODUCT_NAME = "$(TARGET_NAME)";
				SWIFT_EMIT_LOC_STRINGS = YES;
				SWIFT_VERSION = 5.0;
				TARGETED_DEVICE_FAMILY = "1,2";
			};
			name = Debug;
		};
		36079F542BB2CAAF00ED40B3 /* Release */ = {
			isa = XCBuildConfiguration;
			buildSettings = {
				ASSETCATALOG_COMPILER_APPICON_NAME = AppIcon;
				ASSETCATALOG_COMPILER_GLOBAL_ACCENT_COLOR_NAME = AccentColor;
				CODE_SIGN_STYLE = Automatic;
				CURRENT_PROJECT_VERSION = 1;
				DEVELOPMENT_ASSET_PATHS = "\"UnitTestApp/Preview Content\"";
				DEVELOPMENT_TEAM = U7HVHRUHK9;
				ENABLE_PREVIEWS = YES;
				GENERATE_INFOPLIST_FILE = YES;
				INFOPLIST_KEY_UIApplicationSceneManifest_Generation = YES;
				INFOPLIST_KEY_UIApplicationSupportsIndirectInputEvents = YES;
				INFOPLIST_KEY_UILaunchScreen_Generation = YES;
				INFOPLIST_KEY_UISupportedInterfaceOrientations_iPad = "UIInterfaceOrientationPortrait UIInterfaceOrientationPortraitUpsideDown UIInterfaceOrientationLandscapeLeft UIInterfaceOrientationLandscapeRight";
				INFOPLIST_KEY_UISupportedInterfaceOrientations_iPhone = "UIInterfaceOrientationPortrait UIInterfaceOrientationLandscapeLeft UIInterfaceOrientationLandscapeRight";
				LD_RUNPATH_SEARCH_PATHS = (
					"$(inherited)",
					"@executable_path/Frameworks",
				);
				MARKETING_VERSION = 1.0;
				PRODUCT_BUNDLE_IDENTIFIER = com.applligent.UnitTestApp;
				PRODUCT_NAME = "$(TARGET_NAME)";
				SWIFT_EMIT_LOC_STRINGS = YES;
				SWIFT_VERSION = 5.0;
				TARGETED_DEVICE_FAMILY = "1,2";
			};
			name = Release;
		};
		36079F562BB2CAAF00ED40B3 /* Debug */ = {
			isa = XCBuildConfiguration;
			buildSettings = {
				ALWAYS_EMBED_SWIFT_STANDARD_LIBRARIES = YES;
				BUNDLE_LOADER = "$(TEST_HOST)";
				CODE_SIGN_STYLE = Automatic;
				CURRENT_PROJECT_VERSION = 1;
				DEVELOPMENT_TEAM = U7HVHRUHK9;
				GENERATE_INFOPLIST_FILE = YES;
				IPHONEOS_DEPLOYMENT_TARGET = 17.2;
				MARKETING_VERSION = 1.0;
				PRODUCT_BUNDLE_IDENTIFIER = com.applligent.UnitTestAppTests;
				PRODUCT_NAME = "$(TARGET_NAME)";
				SWIFT_EMIT_LOC_STRINGS = NO;
				SWIFT_VERSION = 5.0;
				TARGETED_DEVICE_FAMILY = "1,2";
				TEST_HOST = "$(BUILT_PRODUCTS_DIR)/UnitTestApp.app/$(BUNDLE_EXECUTABLE_FOLDER_PATH)/UnitTestApp";
			};
			name = Debug;
		};
		36079F572BB2CAAF00ED40B3 /* Release */ = {
			isa = XCBuildConfiguration;
			buildSettings = {
				ALWAYS_EMBED_SWIFT_STANDARD_LIBRARIES = YES;
				BUNDLE_LOADER = "$(TEST_HOST)";
				CODE_SIGN_STYLE = Automatic;
				CURRENT_PROJECT_VERSION = 1;
				DEVELOPMENT_TEAM = U7HVHRUHK9;
				GENERATE_INFOPLIST_FILE = YES;
				IPHONEOS_DEPLOYMENT_TARGET = 17.2;
				MARKETING_VERSION = 1.0;
				PRODUCT_BUNDLE_IDENTIFIER = com.applligent.UnitTestAppTests;
				PRODUCT_NAME = "$(TARGET_NAME)";
				SWIFT_EMIT_LOC_STRINGS = NO;
				SWIFT_VERSION = 5.0;
				TARGETED_DEVICE_FAMILY = "1,2";
				TEST_HOST = "$(BUILT_PRODUCTS_DIR)/UnitTestApp.app/$(BUNDLE_EXECUTABLE_FOLDER_PATH)/UnitTestApp";
			};
			name = Release;
		};
		36079F592BB2CAAF00ED40B3 /* Debug */ = {
			isa = XCBuildConfiguration;
			buildSettings = {
				ALWAYS_EMBED_SWIFT_STANDARD_LIBRARIES = YES;
				CODE_SIGN_STYLE = Automatic;
				CURRENT_PROJECT_VERSION = 1;
				DEVELOPMENT_TEAM = U7HVHRUHK9;
				GENERATE_INFOPLIST_FILE = YES;
				MARKETING_VERSION = 1.0;
				PRODUCT_BUNDLE_IDENTIFIER = com.applligent.UnitTestAppUITests;
				PRODUCT_NAME = "$(TARGET_NAME)";
				SWIFT_EMIT_LOC_STRINGS = NO;
				SWIFT_VERSION = 5.0;
				TARGETED_DEVICE_FAMILY = "1,2";
				TEST_TARGET_NAME = UnitTestApp;
			};
			name = Debug;
		};
		36079F5A2BB2CAAF00ED40B3 /* Release */ = {
			isa = XCBuildConfiguration;
			buildSettings = {
				ALWAYS_EMBED_SWIFT_STANDARD_LIBRARIES = YES;
				CODE_SIGN_STYLE = Automatic;
				CURRENT_PROJECT_VERSION = 1;
				DEVELOPMENT_TEAM = U7HVHRUHK9;
				GENERATE_INFOPLIST_FILE = YES;
				MARKETING_VERSION = 1.0;
				PRODUCT_BUNDLE_IDENTIFIER = com.applligent.UnitTestAppUITests;
				PRODUCT_NAME = "$(TARGET_NAME)";
				SWIFT_EMIT_LOC_STRINGS = NO;
				SWIFT_VERSION = 5.0;
				TARGETED_DEVICE_FAMILY = "1,2";
				TEST_TARGET_NAME = UnitTestApp;
			};
			name = Release;
		};
/* End XCBuildConfiguration section */

/* Begin XCConfigurationList section */
		36079F292BB2CAAD00ED40B3 /* Build configuration list for PBXProject "UnitTestApp" */ = {
			isa = XCConfigurationList;
			buildConfigurations = (
				36079F502BB2CAAF00ED40B3 /* Debug */,
				36079F512BB2CAAF00ED40B3 /* Release */,
			);
			defaultConfigurationIsVisible = 0;
			defaultConfigurationName = Release;
		};
		36079F522BB2CAAF00ED40B3 /* Build configuration list for PBXNativeTarget "UnitTestApp" */ = {
			isa = XCConfigurationList;
			buildConfigurations = (
				36079F532BB2CAAF00ED40B3 /* Debug */,
				36079F542BB2CAAF00ED40B3 /* Release */,
			);
			defaultConfigurationIsVisible = 0;
			defaultConfigurationName = Release;
		};
		36079F552BB2CAAF00ED40B3 /* Build configuration list for PBXNativeTarget "UnitTestAppTests" */ = {
			isa = XCConfigurationList;
			buildConfigurations = (
				36079F562BB2CAAF00ED40B3 /* Debug */,
				36079F572BB2CAAF00ED40B3 /* Release */,
			);
			defaultConfigurationIsVisible = 0;
			defaultConfigurationName = Release;
		};
		36079F582BB2CAAF00ED40B3 /* Build configuration list for PBXNativeTarget "UnitTestAppUITests" */ = {
			isa = XCConfigurationList;
			buildConfigurations = (
				36079F592BB2CAAF00ED40B3 /* Debug */,
				36079F5A2BB2CAAF00ED40B3 /* Release */,
			);
			defaultConfigurationIsVisible = 0;
			defaultConfigurationName = Release;
		};
/* End XCConfigurationList section */
	};
	rootObject = 36079F262BB2CAAD00ED40B3 /* Project object */;
}
